// !$*UTF8*$!
{
	archiveVersion = 1;
	classes = {
	};
	objectVersion = 46;
	objects = {

/* Begin PBXBuildFile section */
		1ACC492C1B5EB85D0078A802 /* AppDelegate.swift in Sources */ = {isa = PBXBuildFile; fileRef = 1ACC492B1B5EB85D0078A802 /* AppDelegate.swift */; };
		1ACC492E1B5EB85D0078A802 /* ViewController.swift in Sources */ = {isa = PBXBuildFile; fileRef = 1ACC492D1B5EB85D0078A802 /* ViewController.swift */; };
		1ACC49311B5EB85D0078A802 /* Main.storyboard in Resources */ = {isa = PBXBuildFile; fileRef = 1ACC492F1B5EB85D0078A802 /* Main.storyboard */; };
		1ACC49331B5EB85D0078A802 /* Assets.xcassets in Resources */ = {isa = PBXBuildFile; fileRef = 1ACC49321B5EB85D0078A802 /* Assets.xcassets */; };
		1ACC49361B5EB85D0078A802 /* LaunchScreen.storyboard in Resources */ = {isa = PBXBuildFile; fileRef = 1ACC49341B5EB85D0078A802 /* LaunchScreen.storyboard */; };
		1ACC49411B5EB85D0078A802 /* SproutsTests.swift in Sources */ = {isa = PBXBuildFile; fileRef = 1ACC49401B5EB85D0078A802 /* SproutsTests.swift */; };
		1ACC494C1B5EB85D0078A802 /* SproutsUITests.swift in Sources */ = {isa = PBXBuildFile; fileRef = 1ACC494B1B5EB85D0078A802 /* SproutsUITests.swift */; };
		1AD0C2DF1B5EC095008C8DEA /* GameViewController.swift in Sources */ = {isa = PBXBuildFile; fileRef = 1AD0C2DE1B5EC095008C8DEA /* GameViewController.swift */; };
/* End PBXBuildFile section */

/* Begin PBXContainerItemProxy section */
		1ACC493D1B5EB85D0078A802 /* PBXContainerItemProxy */ = {
			isa = PBXContainerItemProxy;
			containerPortal = 1ACC49201B5EB85D0078A802 /* Project object */;
			proxyType = 1;
			remoteGlobalIDString = 1ACC49271B5EB85D0078A802;
			remoteInfo = Sprouts;
		};
		1ACC49481B5EB85D0078A802 /* PBXContainerItemProxy */ = {
			isa = PBXContainerItemProxy;
			containerPortal = 1ACC49201B5EB85D0078A802 /* Project object */;
			proxyType = 1;
			remoteGlobalIDString = 1ACC49271B5EB85D0078A802;
			remoteInfo = Sprouts;
		};
/* End PBXContainerItemProxy section */

/* Begin PBXFileReference section */
		1ACC49281B5EB85D0078A802 /* Sprouts.app */ = {isa = PBXFileReference; explicitFileType = wrapper.application; includeInIndex = 0; path = Sprouts.app; sourceTree = BUILT_PRODUCTS_DIR; };
		1ACC492B1B5EB85D0078A802 /* AppDelegate.swift */ = {isa = PBXFileReference; lastKnownFileType = sourcecode.swift; path = AppDelegate.swift; sourceTree = "<group>"; };
		1ACC492D1B5EB85D0078A802 /* ViewController.swift */ = {isa = PBXFileReference; lastKnownFileType = sourcecode.swift; path = ViewController.swift; sourceTree = "<group>"; };
		1ACC49301B5EB85D0078A802 /* Base */ = {isa = PBXFileReference; lastKnownFileType = file.storyboard; name = Base; path = Base.lproj/Main.storyboard; sourceTree = "<group>"; };
		1ACC49321B5EB85D0078A802 /* Assets.xcassets */ = {isa = PBXFileReference; lastKnownFileType = folder.assetcatalog; path = Assets.xcassets; sourceTree = "<group>"; };
		1ACC49351B5EB85D0078A802 /* Base */ = {isa = PBXFileReference; lastKnownFileType = file.storyboard; name = Base; path = Base.lproj/LaunchScreen.storyboard; sourceTree = "<group>"; };
		1ACC49371B5EB85D0078A802 /* Info.plist */ = {isa = PBXFileReference; lastKnownFileType = text.plist.xml; path = Info.plist; sourceTree = "<group>"; };
		1ACC493C1B5EB85D0078A802 /* SproutsTests.xctest */ = {isa = PBXFileReference; explicitFileType = wrapper.cfbundle; includeInIndex = 0; path = SproutsTests.xctest; sourceTree = BUILT_PRODUCTS_DIR; };
		1ACC49401B5EB85D0078A802 /* SproutsTests.swift */ = {isa = PBXFileReference; lastKnownFileType = sourcecode.swift; path = SproutsTests.swift; sourceTree = "<group>"; };
		1ACC49421B5EB85D0078A802 /* Info.plist */ = {isa = PBXFileReference; lastKnownFileType = text.plist.xml; path = Info.plist; sourceTree = "<group>"; };
		1ACC49471B5EB85D0078A802 /* SproutsUITests.xctest */ = {isa = PBXFileReference; explicitFileType = wrapper.cfbundle; includeInIndex = 0; path = SproutsUITests.xctest; sourceTree = BUILT_PRODUCTS_DIR; };
		1ACC494B1B5EB85D0078A802 /* SproutsUITests.swift */ = {isa = PBXFileReference; lastKnownFileType = sourcecode.swift; path = SproutsUITests.swift; sourceTree = "<group>"; };
		1ACC494D1B5EB85D0078A802 /* Info.plist */ = {isa = PBXFileReference; lastKnownFileType = text.plist.xml; path = Info.plist; sourceTree = "<group>"; };
		1AD0C2DE1B5EC095008C8DEA /* GameViewController.swift */ = {isa = PBXFileReference; fileEncoding = 4; lastKnownFileType = sourcecode.swift; path = GameViewController.swift; sourceTree = "<group>"; };
/* End PBXFileReference section */

/* Begin PBXFrameworksBuildPhase section */
		1ACC49251B5EB85D0078A802 /* Frameworks */ = {
			isa = PBXFrameworksBuildPhase;
			buildActionMask = 2147483647;
			files = (
			);
			runOnlyForDeploymentPostprocessing = 0;
		};
		1ACC49391B5EB85D0078A802 /* Frameworks */ = {
			isa = PBXFrameworksBuildPhase;
			buildActionMask = 2147483647;
			files = (
			);
			runOnlyForDeploymentPostprocessing = 0;
		};
		1ACC49441B5EB85D0078A802 /* Frameworks */ = {
			isa = PBXFrameworksBuildPhase;
			buildActionMask = 2147483647;
			files = (
			);
			runOnlyForDeploymentPostprocessing = 0;
		};
/* End PBXFrameworksBuildPhase section */

/* Begin PBXGroup section */
		1ACC491F1B5EB85D0078A802 = {
			isa = PBXGroup;
			children = (
				1ACC492A1B5EB85D0078A802 /* Sprouts */,
				1ACC493F1B5EB85D0078A802 /* SproutsTests */,
				1ACC494A1B5EB85D0078A802 /* SproutsUITests */,
				1ACC49291B5EB85D0078A802 /* Products */,
			);
			sourceTree = "<group>";
		};
		1ACC49291B5EB85D0078A802 /* Products */ = {
			isa = PBXGroup;
			children = (
				1ACC49281B5EB85D0078A802 /* Sprouts.app */,
				1ACC493C1B5EB85D0078A802 /* SproutsTests.xctest */,
				1ACC49471B5EB85D0078A802 /* SproutsUITests.xctest */,
			);
			name = Products;
			sourceTree = "<group>";
		};
		1ACC492A1B5EB85D0078A802 /* Sprouts */ = {
			isa = PBXGroup;
			children = (
				1ACC492B1B5EB85D0078A802 /* AppDelegate.swift */,
				1AD0C2DE1B5EC095008C8DEA /* GameViewController.swift */,
				1ACC492D1B5EB85D0078A802 /* ViewController.swift */,
				1ACC492F1B5EB85D0078A802 /* Main.storyboard */,
				1ACC49321B5EB85D0078A802 /* Assets.xcassets */,
				1ACC49341B5EB85D0078A802 /* LaunchScreen.storyboard */,
				1ACC49371B5EB85D0078A802 /* Info.plist */,
			);
			path = Sprouts;
			sourceTree = "<group>";
		};
		1ACC493F1B5EB85D0078A802 /* SproutsTests */ = {
			isa = PBXGroup;
			children = (
				1ACC49401B5EB85D0078A802 /* SproutsTests.swift */,
				1ACC49421B5EB85D0078A802 /* Info.plist */,
			);
			path = SproutsTests;
			sourceTree = "<group>";
		};
		1ACC494A1B5EB85D0078A802 /* SproutsUITests */ = {
			isa = PBXGroup;
			children = (
				1ACC494B1B5EB85D0078A802 /* SproutsUITests.swift */,
				1ACC494D1B5EB85D0078A802 /* Info.plist */,
			);
			path = SproutsUITests;
			sourceTree = "<group>";
		};
/* End PBXGroup section */

/* Begin PBXNativeTarget section */
		1ACC49271B5EB85D0078A802 /* Sprouts */ = {
			isa = PBXNativeTarget;
			buildConfigurationList = 1ACC49501B5EB85D0078A802 /* Build configuration list for PBXNativeTarget "Sprouts" */;
			buildPhases = (
				1ACC49241B5EB85D0078A802 /* Sources */,
				1ACC49251B5EB85D0078A802 /* Frameworks */,
				1ACC49261B5EB85D0078A802 /* Resources */,
			);
			buildRules = (
			);
			dependencies = (
			);
			name = Sprouts;
			productName = Sprouts;
			productReference = 1ACC49281B5EB85D0078A802 /* Sprouts.app */;
			productType = "com.apple.product-type.application";
		};
		1ACC493B1B5EB85D0078A802 /* SproutsTests */ = {
			isa = PBXNativeTarget;
			buildConfigurationList = 1ACC49531B5EB85D0078A802 /* Build configuration list for PBXNativeTarget "SproutsTests" */;
			buildPhases = (
				1ACC49381B5EB85D0078A802 /* Sources */,
				1ACC49391B5EB85D0078A802 /* Frameworks */,
				1ACC493A1B5EB85D0078A802 /* Resources */,
			);
			buildRules = (
			);
			dependencies = (
				1ACC493E1B5EB85D0078A802 /* PBXTargetDependency */,
			);
			name = SproutsTests;
			productName = SproutsTests;
			productReference = 1ACC493C1B5EB85D0078A802 /* SproutsTests.xctest */;
			productType = "com.apple.product-type.bundle.unit-test";
		};
		1ACC49461B5EB85D0078A802 /* SproutsUITests */ = {
			isa = PBXNativeTarget;
			buildConfigurationList = 1ACC49561B5EB85D0078A802 /* Build configuration list for PBXNativeTarget "SproutsUITests" */;
			buildPhases = (
				1ACC49431B5EB85D0078A802 /* Sources */,
				1ACC49441B5EB85D0078A802 /* Frameworks */,
				1ACC49451B5EB85D0078A802 /* Resources */,
			);
			buildRules = (
			);
			dependencies = (
				1ACC49491B5EB85D0078A802 /* PBXTargetDependency */,
			);
			name = SproutsUITests;
			productName = SproutsUITests;
			productReference = 1ACC49471B5EB85D0078A802 /* SproutsUITests.xctest */;
			productType = "com.apple.product-type.bundle.ui-testing";
		};
/* End PBXNativeTarget section */

/* Begin PBXProject section */
		1ACC49201B5EB85D0078A802 /* Project object */ = {
			isa = PBXProject;
			attributes = {
				LastUpgradeCheck = 0700;
				ORGANIZATIONNAME = "James Kasakyan";
				TargetAttributes = {
					1ACC49271B5EB85D0078A802 = {
						CreatedOnToolsVersion = 7.0;
					};
					1ACC493B1B5EB85D0078A802 = {
						CreatedOnToolsVersion = 7.0;
						TestTargetID = 1ACC49271B5EB85D0078A802;
					};
					1ACC49461B5EB85D0078A802 = {
						CreatedOnToolsVersion = 7.0;
						TestTargetID = 1ACC49271B5EB85D0078A802;
					};
				};
			};
			buildConfigurationList = 1ACC49231B5EB85D0078A802 /* Build configuration list for PBXProject "Sprouts" */;
			compatibilityVersion = "Xcode 3.2";
			developmentRegion = English;
			hasScannedForEncodings = 0;
			knownRegions = (
				en,
				Base,
			);
			mainGroup = 1ACC491F1B5EB85D0078A802;
			productRefGroup = 1ACC49291B5EB85D0078A802 /* Products */;
			projectDirPath = "";
			projectRoot = "";
			targets = (
				1ACC49271B5EB85D0078A802 /* Sprouts */,
				1ACC493B1B5EB85D0078A802 /* SproutsTests */,
				1ACC49461B5EB85D0078A802 /* SproutsUITests */,
			);
		};
/* End PBXProject section */

/* Begin PBXResourcesBuildPhase section */
		1ACC49261B5EB85D0078A802 /* Resources */ = {
			isa = PBXResourcesBuildPhase;
			buildActionMask = 2147483647;
			files = (
				1ACC49361B5EB85D0078A802 /* LaunchScreen.storyboard in Resources */,
				1ACC49331B5EB85D0078A802 /* Assets.xcassets in Resources */,
				1ACC49311B5EB85D0078A802 /* Main.storyboard in Resources */,
			);
			runOnlyForDeploymentPostprocessing = 0;
		};
		1ACC493A1B5EB85D0078A802 /* Resources */ = {
			isa = PBXResourcesBuildPhase;
			buildActionMask = 2147483647;
			files = (
			);
			runOnlyForDeploymentPostprocessing = 0;
		};
		1ACC49451B5EB85D0078A802 /* Resources */ = {
			isa = PBXResourcesBuildPhase;
			buildActionMask = 2147483647;
			files = (
			);
			runOnlyForDeploymentPostprocessing = 0;
		};
/* End PBXResourcesBuildPhase section */

/* Begin PBXSourcesBuildPhase section */
		1ACC49241B5EB85D0078A802 /* Sources */ = {
			isa = PBXSourcesBuildPhase;
			buildActionMask = 2147483647;
			files = (
				1ACC492E1B5EB85D0078A802 /* ViewController.swift in Sources */,
				1AD0C2DF1B5EC095008C8DEA /* GameViewController.swift in Sources */,
				1ACC492C1B5EB85D0078A802 /* AppDelegate.swift in Sources */,
			);
			runOnlyForDeploymentPostprocessing = 0;
		};
		1ACC49381B5EB85D0078A802 /* Sources */ = {
			isa = PBXSourcesBuildPhase;
			buildActionMask = 2147483647;
			files = (
				1ACC49411B5EB85D0078A802 /* SproutsTests.swift in Sources */,
			);
			runOnlyForDeploymentPostprocessing = 0;
		};
		1ACC49431B5EB85D0078A802 /* Sources */ = {
			isa = PBXSourcesBuildPhase;
			buildActionMask = 2147483647;
			files = (
				1ACC494C1B5EB85D0078A802 /* SproutsUITests.swift in Sources */,
			);
			runOnlyForDeploymentPostprocessing = 0;
		};
/* End PBXSourcesBuildPhase section */

/* Begin PBXTargetDependency section */
		1ACC493E1B5EB85D0078A802 /* PBXTargetDependency */ = {
			isa = PBXTargetDependency;
			target = 1ACC49271B5EB85D0078A802 /* Sprouts */;
			targetProxy = 1ACC493D1B5EB85D0078A802 /* PBXContainerItemProxy */;
		};
		1ACC49491B5EB85D0078A802 /* PBXTargetDependency */ = {
			isa = PBXTargetDependency;
			target = 1ACC49271B5EB85D0078A802 /* Sprouts */;
			targetProxy = 1ACC49481B5EB85D0078A802 /* PBXContainerItemProxy */;
		};
/* End PBXTargetDependency section */

/* Begin PBXVariantGroup section */
		1ACC492F1B5EB85D0078A802 /* Main.storyboard */ = {
			isa = PBXVariantGroup;
			children = (
				1ACC49301B5EB85D0078A802 /* Base */,
			);
			name = Main.storyboard;
			sourceTree = "<group>";
		};
		1ACC49341B5EB85D0078A802 /* LaunchScreen.storyboard */ = {
			isa = PBXVariantGroup;
			children = (
				1ACC49351B5EB85D0078A802 /* Base */,
			);
			name = LaunchScreen.storyboard;
			sourceTree = "<group>";
		};
/* End PBXVariantGroup section */

/* Begin XCBuildConfiguration section */
		1ACC494E1B5EB85D0078A802 /* Debug */ = {
			isa = XCBuildConfiguration;
			buildSettings = {
				ALWAYS_SEARCH_USER_PATHS = NO;
				CLANG_CXX_LANGUAGE_STANDARD = "gnu++0x";
				CLANG_CXX_LIBRARY = "libc++";
				CLANG_ENABLE_MODULES = YES;
				CLANG_ENABLE_OBJC_ARC = YES;
				CLANG_WARN_BOOL_CONVERSION = YES;
				CLANG_WARN_CONSTANT_CONVERSION = YES;
				CLANG_WARN_DIRECT_OBJC_ISA_USAGE = YES_ERROR;
				CLANG_WARN_EMPTY_BODY = YES;
				CLANG_WARN_ENUM_CONVERSION = YES;
				CLANG_WARN_INT_CONVERSION = YES;
				CLANG_WARN_OBJC_ROOT_CLASS = YES_ERROR;
				CLANG_WARN_UNREACHABLE_CODE = YES;
				CLANG_WARN__DUPLICATE_METHOD_MATCH = YES;
				"CODE_SIGN_IDENTITY[sdk=iphoneos*]" = "iPhone Developer";
				COPY_PHASE_STRIP = NO;
				DEBUG_INFORMATION_FORMAT = dwarf;
				ENABLE_STRICT_OBJC_MSGSEND = YES;
				ENABLE_TESTABILITY = YES;
				GCC_C_LANGUAGE_STANDARD = gnu99;
				GCC_DYNAMIC_NO_PIC = NO;
				GCC_NO_COMMON_BLOCKS = YES;
				GCC_OPTIMIZATION_LEVEL = 0;
				GCC_PREPROCESSOR_DEFINITIONS = (
					"DEBUG=1",
					"$(inherited)",
				);
				GCC_WARN_64_TO_32_BIT_CONVERSION = YES;
				GCC_WARN_ABOUT_RETURN_TYPE = YES_ERROR;
				GCC_WARN_UNDECLARED_SELECTOR = YES;
				GCC_WARN_UNINITIALIZED_AUTOS = YES_AGGRESSIVE;
				GCC_WARN_UNUSED_FUNCTION = YES;
				GCC_WARN_UNUSED_VARIABLE = YES;
				IPHONEOS_DEPLOYMENT_TARGET = 9.0;
				MTL_ENABLE_DEBUG_INFO = YES;
				ONLY_ACTIVE_ARCH = YES;
				SDKROOT = iphoneos;
				SWIFT_OPTIMIZATION_LEVEL = "-Onone";
			};
			name = Debug;
		};
		1ACC494F1B5EB85D0078A802 /* Release */ = {
			isa = XCBuildConfiguration;
			buildSettings = {
				ALWAYS_SEARCH_USER_PATHS = NO;
				CLANG_CXX_LANGUAGE_STANDARD = "gnu++0x";
				CLANG_CXX_LIBRARY = "libc++";
				CLANG_ENABLE_MODULES = YES;
				CLANG_ENABLE_OBJC_ARC = YES;
				CLANG_WARN_BOOL_CONVERSION = YES;
				CLANG_WARN_CONSTANT_CONVERSION = YES;
				CLANG_WARN_DIRECT_OBJC_ISA_USAGE = YES_ERROR;
				CLANG_WARN_EMPTY_BODY = YES;
				CLANG_WARN_ENUM_CONVERSION = YES;
				CLANG_WARN_INT_CONVERSION = YES;
				CLANG_WARN_OBJC_ROOT_CLASS = YES_ERROR;
				CLANG_WARN_UNREACHABLE_CODE = YES;
				CLANG_WARN__DUPLICATE_METHOD_MATCH = YES;
				"CODE_SIGN_IDENTITY[sdk=iphoneos*]" = "iPhone Developer";
				COPY_PHASE_STRIP = NO;
				DEBUG_INFORMATION_FORMAT = "dwarf-with-dsym";
				ENABLE_NS_ASSERTIONS = NO;
				ENABLE_STRICT_OBJC_MSGSEND = YES;
				GCC_C_LANGUAGE_STANDARD = gnu99;
				GCC_NO_COMMON_BLOCKS = YES;
				GCC_WARN_64_TO_32_BIT_CONVERSION = YES;
				GCC_WARN_ABOUT_RETURN_TYPE = YES_ERROR;
				GCC_WARN_UNDECLARED_SELECTOR = YES;
				GCC_WARN_UNINITIALIZED_AUTOS = YES_AGGRESSIVE;
				GCC_WARN_UNUSED_FUNCTION = YES;
				GCC_WARN_UNUSED_VARIABLE = YES;
				IPHONEOS_DEPLOYMENT_TARGET = 9.0;
				MTL_ENABLE_DEBUG_INFO = NO;
				SDKROOT = iphoneos;
				VALIDATE_PRODUCT = YES;
			};
			name = Release;
		};
		1ACC49511B5EB85D0078A802 /* Debug */ = {
			isa = XCBuildConfiguration;
			buildSettings = {
				ASSETCATALOG_COMPILER_APPICON_NAME = AppIcon;
				INFOPLIST_FILE = Sprouts/Info.plist;
				LD_RUNPATH_SEARCH_PATHS = "$(inherited) @executable_path/Frameworks";
				PRODUCT_BUNDLE_IDENTIFIER = james.Sprouts;
				PRODUCT_NAME = "$(TARGET_NAME)";
			};
			name = Debug;
		};
		1ACC49521B5EB85D0078A802 /* Release */ = {
			isa = XCBuildConfiguration;
			buildSettings = {
				ASSETCATALOG_COMPILER_APPICON_NAME = AppIcon;
				INFOPLIST_FILE = Sprouts/Info.plist;
				LD_RUNPATH_SEARCH_PATHS = "$(inherited) @executable_path/Frameworks";
				PRODUCT_BUNDLE_IDENTIFIER = james.Sprouts;
				PRODUCT_NAME = "$(TARGET_NAME)";
			};
			name = Release;
		};
		1ACC49541B5EB85D0078A802 /* Debug */ = {
			isa = XCBuildConfiguration;
			buildSettings = {
				BUNDLE_LOADER = "$(TEST_HOST)";
				INFOPLIST_FILE = SproutsTests/Info.plist;
				LD_RUNPATH_SEARCH_PATHS = "$(inherited) @executable_path/Frameworks @loader_path/Frameworks";
				PRODUCT_BUNDLE_IDENTIFIER = james.SproutsTests;
				PRODUCT_NAME = "$(TARGET_NAME)";
				TEST_HOST = "$(BUILT_PRODUCTS_DIR)/Sprouts.app/Sprouts";
			};
			name = Debug;
		};
		1ACC49551B5EB85D0078A802 /* Release */ = {
			isa = XCBuildConfiguration;
			buildSettings = {
				BUNDLE_LOADER = "$(TEST_HOST)";
				INFOPLIST_FILE = SproutsTests/Info.plist;
				LD_RUNPATH_SEARCH_PATHS = "$(inherited) @executable_path/Frameworks @loader_path/Frameworks";
				PRODUCT_BUNDLE_IDENTIFIER = james.SproutsTests;
				PRODUCT_NAME = "$(TARGET_NAME)";
				TEST_HOST = "$(BUILT_PRODUCTS_DIR)/Sprouts.app/Sprouts";
			};
			name = Release;
		};
		1ACC49571B5EB85D0078A802 /* Debug */ = {
			isa = XCBuildConfiguration;
			buildSettings = {
				INFOPLIST_FILE = SproutsUITests/Info.plist;
				LD_RUNPATH_SEARCH_PATHS = "$(inherited) @executable_path/Frameworks @loader_path/Frameworks";
				PRODUCT_BUNDLE_IDENTIFIER = james.SproutsUITests;
				PRODUCT_NAME = "$(TARGET_NAME)";
				TEST_TARGET_NAME = Sprouts;
				USES_XCTRUNNER = YES;
			};
			name = Debug;
		};
		1ACC49581B5EB85D0078A802 /* Release */ = {
			isa = XCBuildConfiguration;
			buildSettings = {
				INFOPLIST_FILE = SproutsUITests/Info.plist;
				LD_RUNPATH_SEARCH_PATHS = "$(inherited) @executable_path/Frameworks @loader_path/Frameworks";
				PRODUCT_BUNDLE_IDENTIFIER = james.SproutsUITests;
				PRODUCT_NAME = "$(TARGET_NAME)";
				TEST_TARGET_NAME = Sprouts;
				USES_XCTRUNNER = YES;
			};
			name = Release;
		};
/* End XCBuildConfiguration section */

/* Begin XCConfigurationList section */
		1ACC49231B5EB85D0078A802 /* Build configuration list for PBXProject "Sprouts" */ = {
			isa = XCConfigurationList;
			buildConfigurations = (
				1ACC494E1B5EB85D0078A802 /* Debug */,
				1ACC494F1B5EB85D0078A802 /* Release */,
			);
			defaultConfigurationIsVisible = 0;
			defaultConfigurationName = Release;
		};
		1ACC49501B5EB85D0078A802 /* Build configuration list for PBXNativeTarget "Sprouts" */ = {
			isa = XCConfigurationList;
			buildConfigurations = (
				1ACC49511B5EB85D0078A802 /* Debug */,
				1ACC49521B5EB85D0078A802 /* Release */,
			);
			defaultConfigurationIsVisible = 0;
			defaultConfigurationName = Release;
		};
		1ACC49531B5EB85D0078A802 /* Build configuration list for PBXNativeTarget "SproutsTests" */ = {
			isa = XCConfigurationList;
			buildConfigurations = (
				1ACC49541B5EB85D0078A802 /* Debug */,
				1ACC49551B5EB85D0078A802 /* Release */,
			);
			defaultConfigurationIsVisible = 0;
			defaultConfigurationName = Release;
		};
		1ACC49561B5EB85D0078A802 /* Build configuration list for PBXNativeTarget "SproutsUITests" */ = {
			isa = XCConfigurationList;
			buildConfigurations = (
				1ACC49571B5EB85D0078A802 /* Debug */,
				1ACC49581B5EB85D0078A802 /* Release */,
			);
			defaultConfigurationIsVisible = 0;
			defaultConfigurationName = Release;
		};
/* End XCConfigurationList section */
	};
	rootObject = 1ACC49201B5EB85D0078A802 /* Project object */;
}
